
Microsoft Visual Studio Solution File, Format Version 12.00
# Visual Studio 15
VisualStudioVersion = 15.0.27703.2026
MinimumVisualStudioVersion = 10.0.40219.1
Project("{FAE04EC0-301F-11D3-BF4B-00C04F79EFBC}") = "ToOut3", "ToOut3\ToOut3.csproj", "{A9F00B87-2C48-44B9-8364-1BE3F4B95601}"
EndProject
Global
	GlobalSection(SolutionConfigurationPlatforms) = preSolution
		Debug|Any CPU = Debug|Any CPU
		Release|Any CPU = Release|Any CPU
	EndGlobalSection
	GlobalSection(ProjectConfigurationPlatforms) = postSolution
		{A9F00B87-2C48-44B9-8364-1BE3F4B95601}.Debug|Any CPU.ActiveCfg = Debug|Any CPU
		{A9F00B87-2C48-44B9-8364-1BE3F4B95601}.Debug|Any CPU.Build.0 = Debug|Any CPU
		{A9F00B87-2C48-44B9-8364-1BE3F4B95601}.Release|Any CPU.ActiveCfg = Release|Any CPU
		{A9F00B87-2C48-44B9-8364-1BE3F4B95601}.Release|Any CPU.Build.0 = Release|Any CPU
	EndGlobalSection
	GlobalSection(SolutionProperties) = preSolution
		HideSolutionNode = FALSE
	EndGlobalSection
	GlobalSection(ExtensibilityGlobals) = postSolution
		SolutionGuid = {DA9F48FA-0A93-44B1-B253-611D8646249C}
	EndGlobalSection
EndGlobal
